
Microsoft Visual Studio Solution File, Format Version 12.00
# Visual Studio 15
VisualStudioVersion = 15.0.28010.2046
MinimumVisualStudioVersion = 10.0.40219.1
Project("{8BC9CEB8-8B4A-11D0-8D11-00A0C91BC942}") = "homework_1a", "homework_1a\homework_1a.vcxproj", "{1256C750-0F1E-43C2-A25D-846E5BB1F3DB}"
EndProject
Project("{8BC9CEB8-8B4A-11D0-8D11-00A0C91BC942}") = "homework_1b", "homework_1b\homework_1b.vcxproj", "{3E2CF0FD-F458-431E-913E-2D152584FFB0}"
EndProject
Global
	GlobalSection(SolutionConfigurationPlatforms) = preSolution
		Debug|x64 = Debug|x64
		Debug|x86 = Debug|x86
		Release|x64 = Release|x64
		Release|x86 = Release|x86
	EndGlobalSection
	GlobalSection(ProjectConfigurationPlatforms) = postSolution
		{1256C750-0F1E-43C2-A25D-846E5BB1F3DB}.Debug|x64.ActiveCfg = Debug|x64
		{1256C750-0F1E-43C2-A25D-846E5BB1F3DB}.Debug|x64.Build.0 = Debug|x64
		{1256C750-0F1E-43C2-A25D-846E5BB1F3DB}.Debug|x86.ActiveCfg = Debug|Win32
		{1256C750-0F1E-43C2-A25D-846E5BB1F3DB}.Debug|x86.Build.0 = Debug|Win32
		{1256C750-0F1E-43C2-A25D-846E5BB1F3DB}.Release|x64.ActiveCfg = Release|x64
		{1256C750-0F1E-43C2-A25D-846E5BB1F3DB}.Release|x64.Build.0 = Release|x64
		{1256C750-0F1E-43C2-A25D-846E5BB1F3DB}.Release|x86.ActiveCfg = Release|Win32
		{1256C750-0F1E-43C2-A25D-846E5BB1F3DB}.Release|x86.Build.0 = Release|Win32
		{3E2CF0FD-F458-431E-913E-2D152584FFB0}.Debug|x64.ActiveCfg = Debug|x64
		{3E2CF0FD-F458-431E-913E-2D152584FFB0}.Debug|x64.Build.0 = Debug|x64
		{3E2CF0FD-F458-431E-913E-2D152584FFB0}.Debug|x86.ActiveCfg = Debug|Win32
		{3E2CF0FD-F458-431E-913E-2D152584FFB0}.Debug|x86.Build.0 = Debug|Win32
		{3E2CF0FD-F458-431E-913E-2D152584FFB0}.Release|x64.ActiveCfg = Release|x64
		{3E2CF0FD-F458-431E-913E-2D152584FFB0}.Release|x64.Build.0 = Release|x64
		{3E2CF0FD-F458-431E-913E-2D152584FFB0}.Release|x86.ActiveCfg = Release|Win32
		{3E2CF0FD-F458-431E-913E-2D152584FFB0}.Release|x86.Build.0 = Release|Win32
	EndGlobalSection
	GlobalSection(SolutionProperties) = preSolution
		HideSolutionNode = FALSE
	EndGlobalSection
	GlobalSection(ExtensibilityGlobals) = postSolution
		SolutionGuid = {A9484D44-C1D0-4DEC-85D7-6D561F47C9BE}
	EndGlobalSection
EndGlobal
