
Microsoft Visual Studio Solution File, Format Version 12.00
# Visual Studio Version 16
VisualStudioVersion = 16.0.28729.10
MinimumVisualStudioVersion = 10.0.40219.1
Project("{8BC9CEB8-8B4A-11D0-8D11-00A0C91BC942}") = "BubbleSort", "BubbleSort\BubbleSort.vcxproj", "{9C7782EB-30D8-4ED6-ABA9-59E351A89D30}"
EndProject
Project("{8BC9CEB8-8B4A-11D0-8D11-00A0C91BC942}") = "InsertionSort", "InsertionSort\InsertionSort.vcxproj", "{1FF2182D-3463-45F6-911E-D65666A7E094}"
EndProject
Project("{8BC9CEB8-8B4A-11D0-8D11-00A0C91BC942}") = "CocktailSort", "CocktailSort\CocktailSort.vcxproj", "{FFB11924-4346-4FA7-8F53-5BBE87E58FC2}"
EndProject
Project("{8BC9CEB8-8B4A-11D0-8D11-00A0C91BC942}") = "SelectionSort", "SelectionSort\SelectionSort.vcxproj", "{7252757E-1F41-4F1C-B640-86991139C7DA}"
EndProject
Project("{8BC9CEB8-8B4A-11D0-8D11-00A0C91BC942}") = "MergeSort", "MergeSort\MergeSort.vcxproj", "{EC1EECF2-6782-4FFC-8D86-E1983C1E6EC6}"
EndProject
Project("{8BC9CEB8-8B4A-11D0-8D11-00A0C91BC942}") = "IndexSort", "IndexSort\IndexSort.vcxproj", "{A418A081-7BD3-4E3D-9C3D-F232FB902D4F}"
EndProject
Project("{8BC9CEB8-8B4A-11D0-8D11-00A0C91BC942}") = "IntervalSort", "IntervalSort\IntervalSort.vcxproj", "{C8115F59-CE9D-4E17-8EA7-4DFCF34A1F4F}"
EndProject
Project("{8BC9CEB8-8B4A-11D0-8D11-00A0C91BC942}") = "CountingSort", "CountingSort\CountingSort.vcxproj", "{18EB7FD5-E66B-4595-A623-275458F418C2}"
EndProject
Project("{8BC9CEB8-8B4A-11D0-8D11-00A0C91BC942}") = "HeapSort", "HeapSort\HeapSort.vcxproj", "{E1558CF9-2783-4CD4-A3DC-41CF03192E7D}"
EndProject
Project("{8BC9CEB8-8B4A-11D0-8D11-00A0C91BC942}") = "BinarySearch", "BinarySearch\BinarySearch.vcxproj", "{E187883E-BE41-46BA-9986-F36B03FCFA60}"
EndProject
Project("{8BC9CEB8-8B4A-11D0-8D11-00A0C91BC942}") = "BinaryInsertionSort", "BinaryInsertionSort\BinaryInsertionSort.vcxproj", "{26219A1C-AD13-4707-B924-AAFA61E1D73B}"
EndProject
Project("{8BC9CEB8-8B4A-11D0-8D11-00A0C91BC942}") = "BucketSort", "BucketSort\BucketSort.vcxproj", "{99E6090C-EB47-441F-BD5F-998C97DE07EB}"
EndProject
Project("{8BC9CEB8-8B4A-11D0-8D11-00A0C91BC942}") = "QuickSort", "QuickSort\QuickSort.vcxproj", "{26625226-2B70-48B9-B648-9E37049F3064}"
EndProject
Project("{8BC9CEB8-8B4A-11D0-8D11-00A0C91BC942}") = "RadixSort", "RadixSort\RadixSort.vcxproj", "{8D1370A1-95FD-4D3E-812A-E59A1526EBA5}"
EndProject
Project("{8BC9CEB8-8B4A-11D0-8D11-00A0C91BC942}") = "CocktailSort2", "CocktailSort2\CocktailSort2.vcxproj", "{465A7561-B9E3-474A-917B-C92406E188B5}"
EndProject
Project("{8BC9CEB8-8B4A-11D0-8D11-00A0C91BC942}") = "DecimalSort", "DecimalSort\DecimalSort.vcxproj", "{75F85E38-DA25-4E1D-828E-F7B18E8DF0A7}"
EndProject
Project("{8BC9CEB8-8B4A-11D0-8D11-00A0C91BC942}") = "ThreeHeapSort", "ThreeHeapSort\ThreeHeapSort.vcxproj", "{36FF7E8A-12D2-4B0D-9F72-F32BFA66193E}"
EndProject
Project("{8BC9CEB8-8B4A-11D0-8D11-00A0C91BC942}") = "HeapSortMod", "HeapSortMod\HeapSortMod.vcxproj", "{28F8C897-8454-4D83-9DC7-1F7E6CAF30DF}"
EndProject
Project("{8BC9CEB8-8B4A-11D0-8D11-00A0C91BC942}") = "task1", "task1\task1.vcxproj", "{9118D58D-99D3-45BB-8875-C6E75308F15E}"
EndProject
Project("{8BC9CEB8-8B4A-11D0-8D11-00A0C91BC942}") = "task2", "task2\task2.vcxproj", "{C831333A-140E-4952-A709-63A912B0CB2F}"
EndProject
Project("{8BC9CEB8-8B4A-11D0-8D11-00A0C91BC942}") = "task3", "task3\task3.vcxproj", "{DB48349F-FB0F-418D-AFF7-00E27F5D54C0}"
EndProject
Global
	GlobalSection(SolutionConfigurationPlatforms) = preSolution
		Debug|x64 = Debug|x64
		Debug|x86 = Debug|x86
		Release|x64 = Release|x64
		Release|x86 = Release|x86
	EndGlobalSection
	GlobalSection(ProjectConfigurationPlatforms) = postSolution
		{9C7782EB-30D8-4ED6-ABA9-59E351A89D30}.Debug|x64.ActiveCfg = Debug|x64
		{9C7782EB-30D8-4ED6-ABA9-59E351A89D30}.Debug|x64.Build.0 = Debug|x64
		{9C7782EB-30D8-4ED6-ABA9-59E351A89D30}.Debug|x86.ActiveCfg = Debug|Win32
		{9C7782EB-30D8-4ED6-ABA9-59E351A89D30}.Debug|x86.Build.0 = Debug|Win32
		{9C7782EB-30D8-4ED6-ABA9-59E351A89D30}.Release|x64.ActiveCfg = Release|x64
		{9C7782EB-30D8-4ED6-ABA9-59E351A89D30}.Release|x64.Build.0 = Release|x64
		{9C7782EB-30D8-4ED6-ABA9-59E351A89D30}.Release|x86.ActiveCfg = Release|Win32
		{9C7782EB-30D8-4ED6-ABA9-59E351A89D30}.Release|x86.Build.0 = Release|Win32
		{1FF2182D-3463-45F6-911E-D65666A7E094}.Debug|x64.ActiveCfg = Debug|x64
		{1FF2182D-3463-45F6-911E-D65666A7E094}.Debug|x64.Build.0 = Debug|x64
		{1FF2182D-3463-45F6-911E-D65666A7E094}.Debug|x86.ActiveCfg = Debug|Win32
		{1FF2182D-3463-45F6-911E-D65666A7E094}.Debug|x86.Build.0 = Debug|Win32
		{1FF2182D-3463-45F6-911E-D65666A7E094}.Release|x64.ActiveCfg = Release|x64
		{1FF2182D-3463-45F6-911E-D65666A7E094}.Release|x64.Build.0 = Release|x64
		{1FF2182D-3463-45F6-911E-D65666A7E094}.Release|x86.ActiveCfg = Release|Win32
		{1FF2182D-3463-45F6-911E-D65666A7E094}.Release|x86.Build.0 = Release|Win32
		{FFB11924-4346-4FA7-8F53-5BBE87E58FC2}.Debug|x64.ActiveCfg = Debug|x64
		{FFB11924-4346-4FA7-8F53-5BBE87E58FC2}.Debug|x64.Build.0 = Debug|x64
		{FFB11924-4346-4FA7-8F53-5BBE87E58FC2}.Debug|x86.ActiveCfg = Debug|Win32
		{FFB11924-4346-4FA7-8F53-5BBE87E58FC2}.Debug|x86.Build.0 = Debug|Win32
		{FFB11924-4346-4FA7-8F53-5BBE87E58FC2}.Release|x64.ActiveCfg = Release|x64
		{FFB11924-4346-4FA7-8F53-5BBE87E58FC2}.Release|x64.Build.0 = Release|x64
		{FFB11924-4346-4FA7-8F53-5BBE87E58FC2}.Release|x86.ActiveCfg = Release|Win32
		{FFB11924-4346-4FA7-8F53-5BBE87E58FC2}.Release|x86.Build.0 = Release|Win32
		{7252757E-1F41-4F1C-B640-86991139C7DA}.Debug|x64.ActiveCfg = Debug|x64
		{7252757E-1F41-4F1C-B640-86991139C7DA}.Debug|x64.Build.0 = Debug|x64
		{7252757E-1F41-4F1C-B640-86991139C7DA}.Debug|x86.ActiveCfg = Debug|Win32
		{7252757E-1F41-4F1C-B640-86991139C7DA}.Debug|x86.Build.0 = Debug|Win32
		{7252757E-1F41-4F1C-B640-86991139C7DA}.Release|x64.ActiveCfg = Release|x64
		{7252757E-1F41-4F1C-B640-86991139C7DA}.Release|x64.Build.0 = Release|x64
		{7252757E-1F41-4F1C-B640-86991139C7DA}.Release|x86.ActiveCfg = Release|Win32
		{7252757E-1F41-4F1C-B640-86991139C7DA}.Release|x86.Build.0 = Release|Win32
		{EC1EECF2-6782-4FFC-8D86-E1983C1E6EC6}.Debug|x64.ActiveCfg = Debug|x64
		{EC1EECF2-6782-4FFC-8D86-E1983C1E6EC6}.Debug|x64.Build.0 = Debug|x64
		{EC1EECF2-6782-4FFC-8D86-E1983C1E6EC6}.Debug|x86.ActiveCfg = Debug|Win32
		{EC1EECF2-6782-4FFC-8D86-E1983C1E6EC6}.Debug|x86.Build.0 = Debug|Win32
		{EC1EECF2-6782-4FFC-8D86-E1983C1E6EC6}.Release|x64.ActiveCfg = Release|x64
		{EC1EECF2-6782-4FFC-8D86-E1983C1E6EC6}.Release|x64.Build.0 = Release|x64
		{EC1EECF2-6782-4FFC-8D86-E1983C1E6EC6}.Release|x86.ActiveCfg = Release|Win32
		{EC1EECF2-6782-4FFC-8D86-E1983C1E6EC6}.Release|x86.Build.0 = Release|Win32
		{A418A081-7BD3-4E3D-9C3D-F232FB902D4F}.Debug|x64.ActiveCfg = Debug|x64
		{A418A081-7BD3-4E3D-9C3D-F232FB902D4F}.Debug|x64.Build.0 = Debug|x64
		{A418A081-7BD3-4E3D-9C3D-F232FB902D4F}.Debug|x86.ActiveCfg = Debug|Win32
		{A418A081-7BD3-4E3D-9C3D-F232FB902D4F}.Debug|x86.Build.0 = Debug|Win32
		{A418A081-7BD3-4E3D-9C3D-F232FB902D4F}.Release|x64.ActiveCfg = Release|x64
		{A418A081-7BD3-4E3D-9C3D-F232FB902D4F}.Release|x64.Build.0 = Release|x64
		{A418A081-7BD3-4E3D-9C3D-F232FB902D4F}.Release|x86.ActiveCfg = Release|Win32
		{A418A081-7BD3-4E3D-9C3D-F232FB902D4F}.Release|x86.Build.0 = Release|Win32
		{C8115F59-CE9D-4E17-8EA7-4DFCF34A1F4F}.Debug|x64.ActiveCfg = Debug|x64
		{C8115F59-CE9D-4E17-8EA7-4DFCF34A1F4F}.Debug|x64.Build.0 = Debug|x64
		{C8115F59-CE9D-4E17-8EA7-4DFCF34A1F4F}.Debug|x86.ActiveCfg = Debug|Win32
		{C8115F59-CE9D-4E17-8EA7-4DFCF34A1F4F}.Debug|x86.Build.0 = Debug|Win32
		{C8115F59-CE9D-4E17-8EA7-4DFCF34A1F4F}.Release|x64.ActiveCfg = Release|x64
		{C8115F59-CE9D-4E17-8EA7-4DFCF34A1F4F}.Release|x64.Build.0 = Release|x64
		{C8115F59-CE9D-4E17-8EA7-4DFCF34A1F4F}.Release|x86.ActiveCfg = Release|Win32
		{C8115F59-CE9D-4E17-8EA7-4DFCF34A1F4F}.Release|x86.Build.0 = Release|Win32
		{18EB7FD5-E66B-4595-A623-275458F418C2}.Debug|x64.ActiveCfg = Debug|x64
		{18EB7FD5-E66B-4595-A623-275458F418C2}.Debug|x64.Build.0 = Debug|x64
		{18EB7FD5-E66B-4595-A623-275458F418C2}.Debug|x86.ActiveCfg = Debug|Win32
		{18EB7FD5-E66B-4595-A623-275458F418C2}.Debug|x86.Build.0 = Debug|Win32
		{18EB7FD5-E66B-4595-A623-275458F418C2}.Release|x64.ActiveCfg = Release|x64
		{18EB7FD5-E66B-4595-A623-275458F418C2}.Release|x64.Build.0 = Release|x64
		{18EB7FD5-E66B-4595-A623-275458F418C2}.Release|x86.ActiveCfg = Release|Win32
		{18EB7FD5-E66B-4595-A623-275458F418C2}.Release|x86.Build.0 = Release|Win32
		{E1558CF9-2783-4CD4-A3DC-41CF03192E7D}.Debug|x64.ActiveCfg = Debug|x64
		{E1558CF9-2783-4CD4-A3DC-41CF03192E7D}.Debug|x64.Build.0 = Debug|x64
		{E1558CF9-2783-4CD4-A3DC-41CF03192E7D}.Debug|x86.ActiveCfg = Debug|Win32
		{E1558CF9-2783-4CD4-A3DC-41CF03192E7D}.Debug|x86.Build.0 = Debug|Win32
		{E1558CF9-2783-4CD4-A3DC-41CF03192E7D}.Release|x64.ActiveCfg = Release|x64
		{E1558CF9-2783-4CD4-A3DC-41CF03192E7D}.Release|x64.Build.0 = Release|x64
		{E1558CF9-2783-4CD4-A3DC-41CF03192E7D}.Release|x86.ActiveCfg = Release|Win32
		{E1558CF9-2783-4CD4-A3DC-41CF03192E7D}.Release|x86.Build.0 = Release|Win32
		{E187883E-BE41-46BA-9986-F36B03FCFA60}.Debug|x64.ActiveCfg = Debug|x64
		{E187883E-BE41-46BA-9986-F36B03FCFA60}.Debug|x64.Build.0 = Debug|x64
		{E187883E-BE41-46BA-9986-F36B03FCFA60}.Debug|x86.ActiveCfg = Debug|Win32
		{E187883E-BE41-46BA-9986-F36B03FCFA60}.Debug|x86.Build.0 = Debug|Win32
		{E187883E-BE41-46BA-9986-F36B03FCFA60}.Release|x64.ActiveCfg = Release|x64
		{E187883E-BE41-46BA-9986-F36B03FCFA60}.Release|x64.Build.0 = Release|x64
		{E187883E-BE41-46BA-9986-F36B03FCFA60}.Release|x86.ActiveCfg = Release|Win32
		{E187883E-BE41-46BA-9986-F36B03FCFA60}.Release|x86.Build.0 = Release|Win32
		{26219A1C-AD13-4707-B924-AAFA61E1D73B}.Debug|x64.ActiveCfg = Debug|x64
		{26219A1C-AD13-4707-B924-AAFA61E1D73B}.Debug|x64.Build.0 = Debug|x64
		{26219A1C-AD13-4707-B924-AAFA61E1D73B}.Debug|x86.ActiveCfg = Debug|Win32
		{26219A1C-AD13-4707-B924-AAFA61E1D73B}.Debug|x86.Build.0 = Debug|Win32
		{26219A1C-AD13-4707-B924-AAFA61E1D73B}.Release|x64.ActiveCfg = Release|x64
		{26219A1C-AD13-4707-B924-AAFA61E1D73B}.Release|x64.Build.0 = Release|x64
		{26219A1C-AD13-4707-B924-AAFA61E1D73B}.Release|x86.ActiveCfg = Release|Win32
		{26219A1C-AD13-4707-B924-AAFA61E1D73B}.Release|x86.Build.0 = Release|Win32
		{99E6090C-EB47-441F-BD5F-998C97DE07EB}.Debug|x64.ActiveCfg = Debug|x64
		{99E6090C-EB47-441F-BD5F-998C97DE07EB}.Debug|x64.Build.0 = Debug|x64
		{99E6090C-EB47-441F-BD5F-998C97DE07EB}.Debug|x86.ActiveCfg = Debug|Win32
		{99E6090C-EB47-441F-BD5F-998C97DE07EB}.Debug|x86.Build.0 = Debug|Win32
		{99E6090C-EB47-441F-BD5F-998C97DE07EB}.Release|x64.ActiveCfg = Release|x64
		{99E6090C-EB47-441F-BD5F-998C97DE07EB}.Release|x64.Build.0 = Release|x64
		{99E6090C-EB47-441F-BD5F-998C97DE07EB}.Release|x86.ActiveCfg = Release|Win32
		{99E6090C-EB47-441F-BD5F-998C97DE07EB}.Release|x86.Build.0 = Release|Win32
		{26625226-2B70-48B9-B648-9E37049F3064}.Debug|x64.ActiveCfg = Debug|x64
		{26625226-2B70-48B9-B648-9E37049F3064}.Debug|x64.Build.0 = Debug|x64
		{26625226-2B70-48B9-B648-9E37049F3064}.Debug|x86.ActiveCfg = Debug|Win32
		{26625226-2B70-48B9-B648-9E37049F3064}.Debug|x86.Build.0 = Debug|Win32
		{26625226-2B70-48B9-B648-9E37049F3064}.Release|x64.ActiveCfg = Release|x64
		{26625226-2B70-48B9-B648-9E37049F3064}.Release|x64.Build.0 = Release|x64
		{26625226-2B70-48B9-B648-9E37049F3064}.Release|x86.ActiveCfg = Release|Win32
		{26625226-2B70-48B9-B648-9E37049F3064}.Release|x86.Build.0 = Release|Win32
		{8D1370A1-95FD-4D3E-812A-E59A1526EBA5}.Debug|x64.ActiveCfg = Debug|x64
		{8D1370A1-95FD-4D3E-812A-E59A1526EBA5}.Debug|x64.Build.0 = Debug|x64
		{8D1370A1-95FD-4D3E-812A-E59A1526EBA5}.Debug|x86.ActiveCfg = Debug|Win32
		{8D1370A1-95FD-4D3E-812A-E59A1526EBA5}.Debug|x86.Build.0 = Debug|Win32
		{8D1370A1-95FD-4D3E-812A-E59A1526EBA5}.Release|x64.ActiveCfg = Release|x64
		{8D1370A1-95FD-4D3E-812A-E59A1526EBA5}.Release|x64.Build.0 = Release|x64
		{8D1370A1-95FD-4D3E-812A-E59A1526EBA5}.Release|x86.ActiveCfg = Release|Win32
		{8D1370A1-95FD-4D3E-812A-E59A1526EBA5}.Release|x86.Build.0 = Release|Win32
		{465A7561-B9E3-474A-917B-C92406E188B5}.Debug|x64.ActiveCfg = Debug|x64
		{465A7561-B9E3-474A-917B-C92406E188B5}.Debug|x64.Build.0 = Debug|x64
		{465A7561-B9E3-474A-917B-C92406E188B5}.Debug|x86.ActiveCfg = Debug|Win32
		{465A7561-B9E3-474A-917B-C92406E188B5}.Debug|x86.Build.0 = Debug|Win32
		{465A7561-B9E3-474A-917B-C92406E188B5}.Release|x64.ActiveCfg = Release|x64
		{465A7561-B9E3-474A-917B-C92406E188B5}.Release|x64.Build.0 = Release|x64
		{465A7561-B9E3-474A-917B-C92406E188B5}.Release|x86.ActiveCfg = Release|Win32
		{465A7561-B9E3-474A-917B-C92406E188B5}.Release|x86.Build.0 = Release|Win32
		{75F85E38-DA25-4E1D-828E-F7B18E8DF0A7}.Debug|x64.ActiveCfg = Debug|x64
		{75F85E38-DA25-4E1D-828E-F7B18E8DF0A7}.Debug|x64.Build.0 = Debug|x64
		{75F85E38-DA25-4E1D-828E-F7B18E8DF0A7}.Debug|x86.ActiveCfg = Debug|Win32
		{75F85E38-DA25-4E1D-828E-F7B18E8DF0A7}.Debug|x86.Build.0 = Debug|Win32
		{75F85E38-DA25-4E1D-828E-F7B18E8DF0A7}.Release|x64.ActiveCfg = Release|x64
		{75F85E38-DA25-4E1D-828E-F7B18E8DF0A7}.Release|x64.Build.0 = Release|x64
		{75F85E38-DA25-4E1D-828E-F7B18E8DF0A7}.Release|x86.ActiveCfg = Release|Win32
		{75F85E38-DA25-4E1D-828E-F7B18E8DF0A7}.Release|x86.Build.0 = Release|Win32
		{36FF7E8A-12D2-4B0D-9F72-F32BFA66193E}.Debug|x64.ActiveCfg = Debug|x64
		{36FF7E8A-12D2-4B0D-9F72-F32BFA66193E}.Debug|x64.Build.0 = Debug|x64
		{36FF7E8A-12D2-4B0D-9F72-F32BFA66193E}.Debug|x86.ActiveCfg = Debug|Win32
		{36FF7E8A-12D2-4B0D-9F72-F32BFA66193E}.Debug|x86.Build.0 = Debug|Win32
		{36FF7E8A-12D2-4B0D-9F72-F32BFA66193E}.Release|x64.ActiveCfg = Release|x64
		{36FF7E8A-12D2-4B0D-9F72-F32BFA66193E}.Release|x64.Build.0 = Release|x64
		{36FF7E8A-12D2-4B0D-9F72-F32BFA66193E}.Release|x86.ActiveCfg = Release|Win32
		{36FF7E8A-12D2-4B0D-9F72-F32BFA66193E}.Release|x86.Build.0 = Release|Win32
		{28F8C897-8454-4D83-9DC7-1F7E6CAF30DF}.Debug|x64.ActiveCfg = Debug|x64
		{28F8C897-8454-4D83-9DC7-1F7E6CAF30DF}.Debug|x64.Build.0 = Debug|x64
		{28F8C897-8454-4D83-9DC7-1F7E6CAF30DF}.Debug|x86.ActiveCfg = Debug|Win32
		{28F8C897-8454-4D83-9DC7-1F7E6CAF30DF}.Debug|x86.Build.0 = Debug|Win32
		{28F8C897-8454-4D83-9DC7-1F7E6CAF30DF}.Release|x64.ActiveCfg = Release|x64
		{28F8C897-8454-4D83-9DC7-1F7E6CAF30DF}.Release|x64.Build.0 = Release|x64
		{28F8C897-8454-4D83-9DC7-1F7E6CAF30DF}.Release|x86.ActiveCfg = Release|Win32
		{28F8C897-8454-4D83-9DC7-1F7E6CAF30DF}.Release|x86.Build.0 = Release|Win32
		{9118D58D-99D3-45BB-8875-C6E75308F15E}.Debug|x64.ActiveCfg = Debug|x64
		{9118D58D-99D3-45BB-8875-C6E75308F15E}.Debug|x64.Build.0 = Debug|x64
		{9118D58D-99D3-45BB-8875-C6E75308F15E}.Debug|x86.ActiveCfg = Debug|Win32
		{9118D58D-99D3-45BB-8875-C6E75308F15E}.Debug|x86.Build.0 = Debug|Win32
		{9118D58D-99D3-45BB-8875-C6E75308F15E}.Release|x64.ActiveCfg = Release|x64
		{9118D58D-99D3-45BB-8875-C6E75308F15E}.Release|x64.Build.0 = Release|x64
		{9118D58D-99D3-45BB-8875-C6E75308F15E}.Release|x86.ActiveCfg = Release|Win32
		{9118D58D-99D3-45BB-8875-C6E75308F15E}.Release|x86.Build.0 = Release|Win32
		{C831333A-140E-4952-A709-63A912B0CB2F}.Debug|x64.ActiveCfg = Debug|x64
		{C831333A-140E-4952-A709-63A912B0CB2F}.Debug|x64.Build.0 = Debug|x64
		{C831333A-140E-4952-A709-63A912B0CB2F}.Debug|x86.ActiveCfg = Debug|Win32
		{C831333A-140E-4952-A709-63A912B0CB2F}.Debug|x86.Build.0 = Debug|Win32
		{C831333A-140E-4952-A709-63A912B0CB2F}.Release|x64.ActiveCfg = Release|x64
		{C831333A-140E-4952-A709-63A912B0CB2F}.Release|x64.Build.0 = Release|x64
		{C831333A-140E-4952-A709-63A912B0CB2F}.Release|x86.ActiveCfg = Release|Win32
		{C831333A-140E-4952-A709-63A912B0CB2F}.Release|x86.Build.0 = Release|Win32
		{DB48349F-FB0F-418D-AFF7-00E27F5D54C0}.Debug|x64.ActiveCfg = Debug|x64
		{DB48349F-FB0F-418D-AFF7-00E27F5D54C0}.Debug|x64.Build.0 = Debug|x64
		{DB48349F-FB0F-418D-AFF7-00E27F5D54C0}.Debug|x86.ActiveCfg = Debug|Win32
		{DB48349F-FB0F-418D-AFF7-00E27F5D54C0}.Debug|x86.Build.0 = Debug|Win32
		{DB48349F-FB0F-418D-AFF7-00E27F5D54C0}.Release|x64.ActiveCfg = Release|x64
		{DB48349F-FB0F-418D-AFF7-00E27F5D54C0}.Release|x64.Build.0 = Release|x64
		{DB48349F-FB0F-418D-AFF7-00E27F5D54C0}.Release|x86.ActiveCfg = Release|Win32
		{DB48349F-FB0F-418D-AFF7-00E27F5D54C0}.Release|x86.Build.0 = Release|Win32
	EndGlobalSection
	GlobalSection(SolutionProperties) = preSolution
		HideSolutionNode = FALSE
	EndGlobalSection
	GlobalSection(ExtensibilityGlobals) = postSolution
		SolutionGuid = {20F15F84-8D23-4AA9-8483-6D9F14A8F6B9}
	EndGlobalSection
EndGlobal
