
Microsoft Visual Studio Solution File, Format Version 12.00
# Visual Studio 15
VisualStudioVersion = 15.0.27428.2043
MinimumVisualStudioVersion = 10.0.40219.1
Project("{8BC9CEB8-8B4A-11D0-8D11-00A0C91BC942}") = "old", "algorithms\algorithms.vcxproj", "{20A4CBA3-8AB8-46AE-8FFB-A1D705A64999}"
EndProject
Project("{8BC9CEB8-8B4A-11D0-8D11-00A0C91BC942}") = "revision", "revision\revision.vcxproj", "{299F9242-2295-4F1B-86C1-0A83E28FCDED}"
EndProject
Project("{8BC9CEB8-8B4A-11D0-8D11-00A0C91BC942}") = "homework_exercise_2", "homework_exercise_2\homework_exercise_2.vcxproj", "{5DCD9F49-9AAF-47D6-AA30-E88281BFFF23}"
EndProject
Project("{8BC9CEB8-8B4A-11D0-8D11-00A0C91BC942}") = "homework_exercise_3", "homework_exercise_3\homework_exercise_3.vcxproj", "{708705F7-3C39-45C5-AC42-B579A676717D}"
EndProject
Project("{8BC9CEB8-8B4A-11D0-8D11-00A0C91BC942}") = "homework_exercise_4", "homework_exercise_4\homework_exercise_4.vcxproj", "{54632E36-49E1-45C3-8A73-844EC14AC74D}"
EndProject
Global
	GlobalSection(SolutionConfigurationPlatforms) = preSolution
		Debug|x64 = Debug|x64
		Debug|x86 = Debug|x86
		Release|x64 = Release|x64
		Release|x86 = Release|x86
	EndGlobalSection
	GlobalSection(ProjectConfigurationPlatforms) = postSolution
		{20A4CBA3-8AB8-46AE-8FFB-A1D705A64999}.Debug|x64.ActiveCfg = Debug|x64
		{20A4CBA3-8AB8-46AE-8FFB-A1D705A64999}.Debug|x64.Build.0 = Debug|x64
		{20A4CBA3-8AB8-46AE-8FFB-A1D705A64999}.Debug|x86.ActiveCfg = Debug|Win32
		{20A4CBA3-8AB8-46AE-8FFB-A1D705A64999}.Debug|x86.Build.0 = Debug|Win32
		{20A4CBA3-8AB8-46AE-8FFB-A1D705A64999}.Release|x64.ActiveCfg = Release|x64
		{20A4CBA3-8AB8-46AE-8FFB-A1D705A64999}.Release|x64.Build.0 = Release|x64
		{20A4CBA3-8AB8-46AE-8FFB-A1D705A64999}.Release|x86.ActiveCfg = Release|Win32
		{20A4CBA3-8AB8-46AE-8FFB-A1D705A64999}.Release|x86.Build.0 = Release|Win32
		{299F9242-2295-4F1B-86C1-0A83E28FCDED}.Debug|x64.ActiveCfg = Debug|x64
		{299F9242-2295-4F1B-86C1-0A83E28FCDED}.Debug|x64.Build.0 = Debug|x64
		{299F9242-2295-4F1B-86C1-0A83E28FCDED}.Debug|x86.ActiveCfg = Debug|Win32
		{299F9242-2295-4F1B-86C1-0A83E28FCDED}.Debug|x86.Build.0 = Debug|Win32
		{299F9242-2295-4F1B-86C1-0A83E28FCDED}.Release|x64.ActiveCfg = Release|x64
		{299F9242-2295-4F1B-86C1-0A83E28FCDED}.Release|x64.Build.0 = Release|x64
		{299F9242-2295-4F1B-86C1-0A83E28FCDED}.Release|x86.ActiveCfg = Release|Win32
		{299F9242-2295-4F1B-86C1-0A83E28FCDED}.Release|x86.Build.0 = Release|Win32
		{5DCD9F49-9AAF-47D6-AA30-E88281BFFF23}.Debug|x64.ActiveCfg = Debug|x64
		{5DCD9F49-9AAF-47D6-AA30-E88281BFFF23}.Debug|x64.Build.0 = Debug|x64
		{5DCD9F49-9AAF-47D6-AA30-E88281BFFF23}.Debug|x86.ActiveCfg = Debug|Win32
		{5DCD9F49-9AAF-47D6-AA30-E88281BFFF23}.Debug|x86.Build.0 = Debug|Win32
		{5DCD9F49-9AAF-47D6-AA30-E88281BFFF23}.Release|x64.ActiveCfg = Release|x64
		{5DCD9F49-9AAF-47D6-AA30-E88281BFFF23}.Release|x64.Build.0 = Release|x64
		{5DCD9F49-9AAF-47D6-AA30-E88281BFFF23}.Release|x86.ActiveCfg = Release|Win32
		{5DCD9F49-9AAF-47D6-AA30-E88281BFFF23}.Release|x86.Build.0 = Release|Win32
		{708705F7-3C39-45C5-AC42-B579A676717D}.Debug|x64.ActiveCfg = Debug|x64
		{708705F7-3C39-45C5-AC42-B579A676717D}.Debug|x64.Build.0 = Debug|x64
		{708705F7-3C39-45C5-AC42-B579A676717D}.Debug|x86.ActiveCfg = Debug|Win32
		{708705F7-3C39-45C5-AC42-B579A676717D}.Debug|x86.Build.0 = Debug|Win32
		{708705F7-3C39-45C5-AC42-B579A676717D}.Release|x64.ActiveCfg = Release|x64
		{708705F7-3C39-45C5-AC42-B579A676717D}.Release|x64.Build.0 = Release|x64
		{708705F7-3C39-45C5-AC42-B579A676717D}.Release|x86.ActiveCfg = Release|Win32
		{708705F7-3C39-45C5-AC42-B579A676717D}.Release|x86.Build.0 = Release|Win32
		{54632E36-49E1-45C3-8A73-844EC14AC74D}.Debug|x64.ActiveCfg = Debug|x64
		{54632E36-49E1-45C3-8A73-844EC14AC74D}.Debug|x64.Build.0 = Debug|x64
		{54632E36-49E1-45C3-8A73-844EC14AC74D}.Debug|x86.ActiveCfg = Debug|Win32
		{54632E36-49E1-45C3-8A73-844EC14AC74D}.Debug|x86.Build.0 = Debug|Win32
		{54632E36-49E1-45C3-8A73-844EC14AC74D}.Release|x64.ActiveCfg = Release|x64
		{54632E36-49E1-45C3-8A73-844EC14AC74D}.Release|x64.Build.0 = Release|x64
		{54632E36-49E1-45C3-8A73-844EC14AC74D}.Release|x86.ActiveCfg = Release|Win32
		{54632E36-49E1-45C3-8A73-844EC14AC74D}.Release|x86.Build.0 = Release|Win32
	EndGlobalSection
	GlobalSection(SolutionProperties) = preSolution
		HideSolutionNode = FALSE
	EndGlobalSection
	GlobalSection(ExtensibilityGlobals) = postSolution
		SolutionGuid = {87535AFE-E620-40F4-A440-8F176FC7F5B4}
	EndGlobalSection
EndGlobal
